
Microsoft Visual Studio Solution File, Format Version 12.00
# Visual Studio Version 17
VisualStudioVersion = 17.11.35327.3
MinimumVisualStudioVersion = 10.0.40219.1
Project("{9A19103F-16F7-4668-BE54-9A1E7A4F7556}") = "Apriori", "Apriori\Apriori.csproj", "{50B34E4E-19C5-459F-A465-34A883D3C949}"
EndProject
Project("{9A19103F-16F7-4668-BE54-9A1E7A4F7556}") = "Fp-Tree", "Fp-Tree\Fp-Tree.csproj", "{8729988F-5E29-45FC-96AF-3996B143429A}"
EndProject
Project("{9A19103F-16F7-4668-BE54-9A1E7A4F7556}") = "KNN", "KNN\KNN.csproj", "{C530A4D0-65E4-49E3-9209-5F179AA369BD}"
EndProject
Project("{9A19103F-16F7-4668-BE54-9A1E7A4F7556}") = "ID3", "ID3\ID3.csproj", "{470E8D0D-D2DE-4D56-BCD3-481E11E2C980}"
EndProject
Project("{9A19103F-16F7-4668-BE54-9A1E7A4F7556}") = "K-Mean", "K-Mean\K-Mean.csproj", "{8EDE6F51-BDBB-478D-9B9F-EA3B68BC68DA}"
EndProject
Global
	GlobalSection(SolutionConfigurationPlatforms) = preSolution
		Debug|Any CPU = Debug|Any CPU
		Release|Any CPU = Release|Any CPU
	EndGlobalSection
	GlobalSection(ProjectConfigurationPlatforms) = postSolution
		{50B34E4E-19C5-459F-A465-34A883D3C949}.Debug|Any CPU.ActiveCfg = Debug|Any CPU
		{50B34E4E-19C5-459F-A465-34A883D3C949}.Debug|Any CPU.Build.0 = Debug|Any CPU
		{50B34E4E-19C5-459F-A465-34A883D3C949}.Release|Any CPU.ActiveCfg = Release|Any CPU
		{50B34E4E-19C5-459F-A465-34A883D3C949}.Release|Any CPU.Build.0 = Release|Any CPU
		{8729988F-5E29-45FC-96AF-3996B143429A}.Debug|Any CPU.ActiveCfg = Debug|Any CPU
		{8729988F-5E29-45FC-96AF-3996B143429A}.Debug|Any CPU.Build.0 = Debug|Any CPU
		{8729988F-5E29-45FC-96AF-3996B143429A}.Release|Any CPU.ActiveCfg = Release|Any CPU
		{8729988F-5E29-45FC-96AF-3996B143429A}.Release|Any CPU.Build.0 = Release|Any CPU
		{C530A4D0-65E4-49E3-9209-5F179AA369BD}.Debug|Any CPU.ActiveCfg = Debug|Any CPU
		{C530A4D0-65E4-49E3-9209-5F179AA369BD}.Debug|Any CPU.Build.0 = Debug|Any CPU
		{C530A4D0-65E4-49E3-9209-5F179AA369BD}.Release|Any CPU.ActiveCfg = Release|Any CPU
		{C530A4D0-65E4-49E3-9209-5F179AA369BD}.Release|Any CPU.Build.0 = Release|Any CPU
		{470E8D0D-D2DE-4D56-BCD3-481E11E2C980}.Debug|Any CPU.ActiveCfg = Debug|Any CPU
		{470E8D0D-D2DE-4D56-BCD3-481E11E2C980}.Debug|Any CPU.Build.0 = Debug|Any CPU
		{470E8D0D-D2DE-4D56-BCD3-481E11E2C980}.Release|Any CPU.ActiveCfg = Release|Any CPU
		{470E8D0D-D2DE-4D56-BCD3-481E11E2C980}.Release|Any CPU.Build.0 = Release|Any CPU
		{8EDE6F51-BDBB-478D-9B9F-EA3B68BC68DA}.Debug|Any CPU.ActiveCfg = Debug|Any CPU
		{8EDE6F51-BDBB-478D-9B9F-EA3B68BC68DA}.Debug|Any CPU.Build.0 = Debug|Any CPU
		{8EDE6F51-BDBB-478D-9B9F-EA3B68BC68DA}.Release|Any CPU.ActiveCfg = Release|Any CPU
		{8EDE6F51-BDBB-478D-9B9F-EA3B68BC68DA}.Release|Any CPU.Build.0 = Release|Any CPU
	EndGlobalSection
	GlobalSection(SolutionProperties) = preSolution
		HideSolutionNode = FALSE
	EndGlobalSection
	GlobalSection(ExtensibilityGlobals) = postSolution
		SolutionGuid = {6229E6FC-8D64-441B-AB06-68B34A454F5D}
	EndGlobalSection
EndGlobal
